// !$*UTF8*$!
{
	archiveVersion = 1;
	classes = {
	};
	objectVersion = 46;
	objects = {

/* Begin PBXBuildFile section */
		6543B1391D26415600E422A9 /* Home.storyboard in Resources */ = {isa = PBXBuildFile; fileRef = 6543B1381D26415600E422A9 /* Home.storyboard */; };
		6543B13B1D26416600E422A9 /* Message.storyboard in Resources */ = {isa = PBXBuildFile; fileRef = 6543B13A1D26416600E422A9 /* Message.storyboard */; };
		6543B13D1D26417100E422A9 /* Discover.storyboard in Resources */ = {isa = PBXBuildFile; fileRef = 6543B13C1D26417100E422A9 /* Discover.storyboard */; };
		6543B1411D26419500E422A9 /* Mine.storyboard in Resources */ = {isa = PBXBuildFile; fileRef = 6543B1401D26419500E422A9 /* Mine.storyboard */; };
		6543B1431D26421B00E422A9 /* BaseTableViewController.swift in Sources */ = {isa = PBXBuildFile; fileRef = 6543B1421D26421B00E422A9 /* BaseTableViewController.swift */; };
		6543B1451D2644F300E422A9 /* VisitorView.swift in Sources */ = {isa = PBXBuildFile; fileRef = 6543B1441D2644F300E422A9 /* VisitorView.swift */; };
		6543B1471D26450500E422A9 /* VisitorView.xib in Resources */ = {isa = PBXBuildFile; fileRef = 6543B1461D26450500E422A9 /* VisitorView.xib */; };
		6543B1491D26737C00E422A9 /* UIBarButtonItem+Extension.swift in Sources */ = {isa = PBXBuildFile; fileRef = 6543B1481D26737C00E422A9 /* UIBarButtonItem+Extension.swift */; };
		6543B14B1D26793200E422A9 /* TitleButton.swift in Sources */ = {isa = PBXBuildFile; fileRef = 6543B14A1D26793200E422A9 /* TitleButton.swift */; };
		655E9FF81D260D22008385E6 /* UIButton+Extension.swift in Sources */ = {isa = PBXBuildFile; fileRef = 655E9FF71D260D22008385E6 /* UIButton+Extension.swift */; };
		65CD2B441D25172F00BE0816 /* AppDelegate.swift in Sources */ = {isa = PBXBuildFile; fileRef = 65CD2B431D25172F00BE0816 /* AppDelegate.swift */; };
		65CD2B491D25173000BE0816 /* Main.storyboard in Resources */ = {isa = PBXBuildFile; fileRef = 65CD2B471D25173000BE0816 /* Main.storyboard */; };
		65CD2B4B1D25173000BE0816 /* Assets.xcassets in Resources */ = {isa = PBXBuildFile; fileRef = 65CD2B4A1D25173000BE0816 /* Assets.xcassets */; };
		65CD2B4E1D25173000BE0816 /* LaunchScreen.storyboard in Resources */ = {isa = PBXBuildFile; fileRef = 65CD2B4C1D25173000BE0816 /* LaunchScreen.storyboard */; };
		65CD2B591D25173000BE0816 /* SinaWeiboTests.swift in Sources */ = {isa = PBXBuildFile; fileRef = 65CD2B581D25173000BE0816 /* SinaWeiboTests.swift */; };
		65CD2B641D25173000BE0816 /* SinaWeiboUITests.swift in Sources */ = {isa = PBXBuildFile; fileRef = 65CD2B631D25173000BE0816 /* SinaWeiboUITests.swift */; };
		65CD2B951D25184200BE0816 /* MainVCSettings.json in Resources */ = {isa = PBXBuildFile; fileRef = 65CD2B811D25184200BE0816 /* MainVCSettings.json */; };
		65CD2B961D25184200BE0816 /* NullViewController.swift in Sources */ = {isa = PBXBuildFile; fileRef = 65CD2B821D25184200BE0816 /* NullViewController.swift */; };
		65CD2B9A1D251E7900BE0816 /* MainTabBarController.swift in Sources */ = {isa = PBXBuildFile; fileRef = 65CD2B991D251E7900BE0816 /* MainTabBarController.swift */; };
		65CD2B9C1D251E8F00BE0816 /* HomeTableViewController.swift in Sources */ = {isa = PBXBuildFile; fileRef = 65CD2B9B1D251E8F00BE0816 /* HomeTableViewController.swift */; };
		65CD2B9E1D251E9C00BE0816 /* DiscoverTableViewController.swift in Sources */ = {isa = PBXBuildFile; fileRef = 65CD2B9D1D251E9C00BE0816 /* DiscoverTableViewController.swift */; };
		65CD2BA01D251EA900BE0816 /* MessageTableViewController.swift in Sources */ = {isa = PBXBuildFile; fileRef = 65CD2B9F1D251EA900BE0816 /* MessageTableViewController.swift */; };
		65CD2BA21D251EB700BE0816 /* MineTableViewController.swift in Sources */ = {isa = PBXBuildFile; fileRef = 65CD2BA11D251EB700BE0816 /* MineTableViewController.swift */; };
		65FCAE631D2D0A810052299D /* QRcode.storyboard in Resources */ = {isa = PBXBuildFile; fileRef = 65FCAE621D2D0A810052299D /* QRcode.storyboard */; };
		65FCAE651D2D0F680052299D /* QRCodeViewController.swift in Sources */ = {isa = PBXBuildFile; fileRef = 65FCAE641D2D0F680052299D /* QRCodeViewController.swift */; };
/* End PBXBuildFile section */

/* Begin PBXContainerItemProxy section */
		65CD2B551D25173000BE0816 /* PBXContainerItemProxy */ = {
			isa = PBXContainerItemProxy;
			containerPortal = 65CD2B381D25172F00BE0816 /* Project object */;
			proxyType = 1;
			remoteGlobalIDString = 65CD2B3F1D25172F00BE0816;
			remoteInfo = SinaWeibo;
		};
		65CD2B601D25173000BE0816 /* PBXContainerItemProxy */ = {
			isa = PBXContainerItemProxy;
			containerPortal = 65CD2B381D25172F00BE0816 /* Project object */;
			proxyType = 1;
			remoteGlobalIDString = 65CD2B3F1D25172F00BE0816;
			remoteInfo = SinaWeibo;
		};
/* End PBXContainerItemProxy section */

/* Begin PBXFileReference section */
		6543B1381D26415600E422A9 /* Home.storyboard */ = {isa = PBXFileReference; fileEncoding = 4; lastKnownFileType = file.storyboard; path = Home.storyboard; sourceTree = "<group>"; };
		6543B13A1D26416600E422A9 /* Message.storyboard */ = {isa = PBXFileReference; fileEncoding = 4; lastKnownFileType = file.storyboard; path = Message.storyboard; sourceTree = "<group>"; };
		6543B13C1D26417100E422A9 /* Discover.storyboard */ = {isa = PBXFileReference; fileEncoding = 4; lastKnownFileType = file.storyboard; path = Discover.storyboard; sourceTree = "<group>"; };
		6543B1401D26419500E422A9 /* Mine.storyboard */ = {isa = PBXFileReference; fileEncoding = 4; lastKnownFileType = file.storyboard; path = Mine.storyboard; sourceTree = "<group>"; };
		6543B1421D26421B00E422A9 /* BaseTableViewController.swift */ = {isa = PBXFileReference; fileEncoding = 4; lastKnownFileType = sourcecode.swift; path = BaseTableViewController.swift; sourceTree = "<group>"; };
		6543B1441D2644F300E422A9 /* VisitorView.swift */ = {isa = PBXFileReference; fileEncoding = 4; lastKnownFileType = sourcecode.swift; path = VisitorView.swift; sourceTree = "<group>"; };
		6543B1461D26450500E422A9 /* VisitorView.xib */ = {isa = PBXFileReference; fileEncoding = 4; lastKnownFileType = file.xib; path = VisitorView.xib; sourceTree = "<group>"; };
		6543B1481D26737C00E422A9 /* UIBarButtonItem+Extension.swift */ = {isa = PBXFileReference; fileEncoding = 4; lastKnownFileType = sourcecode.swift; path = "UIBarButtonItem+Extension.swift"; sourceTree = "<group>"; };
		6543B14A1D26793200E422A9 /* TitleButton.swift */ = {isa = PBXFileReference; fileEncoding = 4; lastKnownFileType = sourcecode.swift; path = TitleButton.swift; sourceTree = "<group>"; };
		655E9FF71D260D22008385E6 /* UIButton+Extension.swift */ = {isa = PBXFileReference; fileEncoding = 4; lastKnownFileType = sourcecode.swift; path = "UIButton+Extension.swift"; sourceTree = "<group>"; };
		65CD2B401D25172F00BE0816 /* SinaWeibo.app */ = {isa = PBXFileReference; explicitFileType = wrapper.application; includeInIndex = 0; path = SinaWeibo.app; sourceTree = BUILT_PRODUCTS_DIR; };
		65CD2B431D25172F00BE0816 /* AppDelegate.swift */ = {isa = PBXFileReference; lastKnownFileType = sourcecode.swift; path = AppDelegate.swift; sourceTree = "<group>"; };
		65CD2B481D25173000BE0816 /* Base */ = {isa = PBXFileReference; lastKnownFileType = file.storyboard; name = Base; path = Base.lproj/Main.storyboard; sourceTree = "<group>"; };
		65CD2B4A1D25173000BE0816 /* Assets.xcassets */ = {isa = PBXFileReference; lastKnownFileType = folder.assetcatalog; path = Assets.xcassets; sourceTree = "<group>"; };
		65CD2B4D1D25173000BE0816 /* Base */ = {isa = PBXFileReference; lastKnownFileType = file.storyboard; name = Base; path = Base.lproj/LaunchScreen.storyboard; sourceTree = "<group>"; };
		65CD2B4F1D25173000BE0816 /* Info.plist */ = {isa = PBXFileReference; lastKnownFileType = text.plist.xml; path = Info.plist; sourceTree = "<group>"; };
		65CD2B541D25173000BE0816 /* SinaWeiboTests.xctest */ = {isa = PBXFileReference; explicitFileType = wrapper.cfbundle; includeInIndex = 0; path = SinaWeiboTests.xctest; sourceTree = BUILT_PRODUCTS_DIR; };
		65CD2B581D25173000BE0816 /* SinaWeiboTests.swift */ = {isa = PBXFileReference; lastKnownFileType = sourcecode.swift; path = SinaWeiboTests.swift; sourceTree = "<group>"; };
		65CD2B5A1D25173000BE0816 /* Info.plist */ = {isa = PBXFileReference; lastKnownFileType = text.plist.xml; path = Info.plist; sourceTree = "<group>"; };
		65CD2B5F1D25173000BE0816 /* SinaWeiboUITests.xctest */ = {isa = PBXFileReference; explicitFileType = wrapper.cfbundle; includeInIndex = 0; path = SinaWeiboUITests.xctest; sourceTree = BUILT_PRODUCTS_DIR; };
		65CD2B631D25173000BE0816 /* SinaWeiboUITests.swift */ = {isa = PBXFileReference; lastKnownFileType = sourcecode.swift; path = SinaWeiboUITests.swift; sourceTree = "<group>"; };
		65CD2B651D25173000BE0816 /* Info.plist */ = {isa = PBXFileReference; lastKnownFileType = text.plist.xml; path = Info.plist; sourceTree = "<group>"; };
		65CD2B811D25184200BE0816 /* MainVCSettings.json */ = {isa = PBXFileReference; fileEncoding = 4; lastKnownFileType = text.json; path = MainVCSettings.json; sourceTree = "<group>"; };
		65CD2B821D25184200BE0816 /* NullViewController.swift */ = {isa = PBXFileReference; fileEncoding = 4; lastKnownFileType = sourcecode.swift; path = NullViewController.swift; sourceTree = "<group>"; };
		65CD2B991D251E7900BE0816 /* MainTabBarController.swift */ = {isa = PBXFileReference; fileEncoding = 4; lastKnownFileType = sourcecode.swift; path = MainTabBarController.swift; sourceTree = "<group>"; };
		65CD2B9B1D251E8F00BE0816 /* HomeTableViewController.swift */ = {isa = PBXFileReference; fileEncoding = 4; lastKnownFileType = sourcecode.swift; path = HomeTableViewController.swift; sourceTree = "<group>"; };
		65CD2B9D1D251E9C00BE0816 /* DiscoverTableViewController.swift */ = {isa = PBXFileReference; fileEncoding = 4; lastKnownFileType = sourcecode.swift; path = DiscoverTableViewController.swift; sourceTree = "<group>"; };
		65CD2B9F1D251EA900BE0816 /* MessageTableViewController.swift */ = {isa = PBXFileReference; fileEncoding = 4; lastKnownFileType = sourcecode.swift; path = MessageTableViewController.swift; sourceTree = "<group>"; };
		65CD2BA11D251EB700BE0816 /* MineTableViewController.swift */ = {isa = PBXFileReference; fileEncoding = 4; lastKnownFileType = sourcecode.swift; path = MineTableViewController.swift; sourceTree = "<group>"; };
		65FCAE621D2D0A810052299D /* QRcode.storyboard */ = {isa = PBXFileReference; fileEncoding = 4; lastKnownFileType = file.storyboard; path = QRcode.storyboard; sourceTree = "<group>"; };
		65FCAE641D2D0F680052299D /* QRCodeViewController.swift */ = {isa = PBXFileReference; fileEncoding = 4; lastKnownFileType = sourcecode.swift; path = QRCodeViewController.swift; sourceTree = "<group>"; };
/* End PBXFileReference section */

/* Begin PBXFrameworksBuildPhase section */
		65CD2B3D1D25172F00BE0816 /* Frameworks */ = {
			isa = PBXFrameworksBuildPhase;
			buildActionMask = 2147483647;
			files = (
			);
			runOnlyForDeploymentPostprocessing = 0;
		};
		65CD2B511D25173000BE0816 /* Frameworks */ = {
			isa = PBXFrameworksBuildPhase;
			buildActionMask = 2147483647;
			files = (
			);
			runOnlyForDeploymentPostprocessing = 0;
		};
		65CD2B5C1D25173000BE0816 /* Frameworks */ = {
			isa = PBXFrameworksBuildPhase;
			buildActionMask = 2147483647;
			files = (
			);
			runOnlyForDeploymentPostprocessing = 0;
		};
/* End PBXFrameworksBuildPhase section */

/* Begin PBXGroup section */
		655E9FF61D260CE4008385E6 /* Category */ = {
			isa = PBXGroup;
			children = (
				655E9FF71D260D22008385E6 /* UIButton+Extension.swift */,
				6543B1481D26737C00E422A9 /* UIBarButtonItem+Extension.swift */,
			);
			path = Category;
			sourceTree = "<group>";
		};
		65CD2B371D25172F00BE0816 = {
			isa = PBXGroup;
			children = (
				65CD2B421D25172F00BE0816 /* SinaWeibo */,
				65CD2B571D25173000BE0816 /* SinaWeiboTests */,
				65CD2B621D25173000BE0816 /* SinaWeiboUITests */,
				65CD2B411D25172F00BE0816 /* Products */,
			);
			sourceTree = "<group>";
		};
		65CD2B411D25172F00BE0816 /* Products */ = {
			isa = PBXGroup;
			children = (
				65CD2B401D25172F00BE0816 /* SinaWeibo.app */,
				65CD2B541D25173000BE0816 /* SinaWeiboTests.xctest */,
				65CD2B5F1D25173000BE0816 /* SinaWeiboUITests.xctest */,
			);
			name = Products;
			sourceTree = "<group>";
		};
		65CD2B421D25172F00BE0816 /* SinaWeibo */ = {
			isa = PBXGroup;
			children = (
				65CD2B711D25184200BE0816 /* Classes */,
				65CD2B431D25172F00BE0816 /* AppDelegate.swift */,
				65CD2B471D25173000BE0816 /* Main.storyboard */,
				65CD2B4A1D25173000BE0816 /* Assets.xcassets */,
				65CD2B4C1D25173000BE0816 /* LaunchScreen.storyboard */,
				65CD2B4F1D25173000BE0816 /* Info.plist */,
			);
			path = SinaWeibo;
			sourceTree = "<group>";
		};
		65CD2B571D25173000BE0816 /* SinaWeiboTests */ = {
			isa = PBXGroup;
			children = (
				65CD2B581D25173000BE0816 /* SinaWeiboTests.swift */,
				65CD2B5A1D25173000BE0816 /* Info.plist */,
			);
			path = SinaWeiboTests;
			sourceTree = "<group>";
		};
		65CD2B621D25173000BE0816 /* SinaWeiboUITests */ = {
			isa = PBXGroup;
			children = (
				65CD2B631D25173000BE0816 /* SinaWeiboUITests.swift */,
				65CD2B651D25173000BE0816 /* Info.plist */,
			);
			path = SinaWeiboUITests;
			sourceTree = "<group>";
		};
		65CD2B711D25184200BE0816 /* Classes */ = {
			isa = PBXGroup;
			children = (
				65CD2B771D25184200BE0816 /* Home */,
				65CD2B841D25184200BE0816 /* Message */,
				65CD2B721D25184200BE0816 /* Discover */,
				65CD2B891D25184200BE0816 /* Mine */,
				65CD2B7C1D25184200BE0816 /* Main */,
				65CD2B8E1D25184200BE0816 /* Tools */,
			);
			path = Classes;
			sourceTree = "<group>";
		};
		65CD2B721D25184200BE0816 /* Discover */ = {
			isa = PBXGroup;
			children = (
				6543B13C1D26417100E422A9 /* Discover.storyboard */,
				65CD2B731D25184200BE0816 /* Controller */,
				65CD2B751D25184200BE0816 /* Model */,
				65CD2B761D25184200BE0816 /* View */,
			);
			path = Discover;
			sourceTree = "<group>";
		};
		65CD2B731D25184200BE0816 /* Controller */ = {
			isa = PBXGroup;
			children = (
				65CD2B9D1D251E9C00BE0816 /* DiscoverTableViewController.swift */,
			);
			path = Controller;
			sourceTree = "<group>";
		};
		65CD2B751D25184200BE0816 /* Model */ = {
			isa = PBXGroup;
			children = (
			);
			path = Model;
			sourceTree = "<group>";
		};
		65CD2B761D25184200BE0816 /* View */ = {
			isa = PBXGroup;
			children = (
			);
			path = View;
			sourceTree = "<group>";
		};
		65CD2B771D25184200BE0816 /* Home */ = {
			isa = PBXGroup;
			children = (
				6543B1381D26415600E422A9 /* Home.storyboard */,
				65CD2B781D25184200BE0816 /* Controller */,
				65CD2B7A1D25184200BE0816 /* Model */,
				65CD2B7B1D25184200BE0816 /* View */,
			);
			path = Home;
			sourceTree = "<group>";
		};
		65CD2B781D25184200BE0816 /* Controller */ = {
			isa = PBXGroup;
			children = (
				65CD2B9B1D251E8F00BE0816 /* HomeTableViewController.swift */,
				65FCAE641D2D0F680052299D /* QRCodeViewController.swift */,
				65FCAE621D2D0A810052299D /* QRcode.storyboard */,
			);
			path = Controller;
			sourceTree = "<group>";
		};
		65CD2B7A1D25184200BE0816 /* Model */ = {
			isa = PBXGroup;
			children = (
			);
			path = Model;
			sourceTree = "<group>";
		};
		65CD2B7B1D25184200BE0816 /* View */ = {
			isa = PBXGroup;
			children = (
			);
			path = View;
			sourceTree = "<group>";
		};
		65CD2B7C1D25184200BE0816 /* Main */ = {
			isa = PBXGroup;
			children = (
				65CD2B7D1D25184200BE0816 /* Controller */,
				65CD2B7F1D25184200BE0816 /* Model */,
				65CD2B801D25184200BE0816 /* Resource */,
				65CD2B831D25184200BE0816 /* View */,
			);
			path = Main;
			sourceTree = "<group>";
		};
		65CD2B7D1D25184200BE0816 /* Controller */ = {
			isa = PBXGroup;
			children = (
				65CD2B991D251E7900BE0816 /* MainTabBarController.swift */,
				6543B1421D26421B00E422A9 /* BaseTableViewController.swift */,
			);
			path = Controller;
			sourceTree = "<group>";
		};
		65CD2B7F1D25184200BE0816 /* Model */ = {
			isa = PBXGroup;
			children = (
			);
			path = Model;
			sourceTree = "<group>";
		};
		65CD2B801D25184200BE0816 /* Resource */ = {
			isa = PBXGroup;
			children = (
				65CD2B811D25184200BE0816 /* MainVCSettings.json */,
				65CD2B821D25184200BE0816 /* NullViewController.swift */,
			);
			path = Resource;
			sourceTree = "<group>";
		};
		65CD2B831D25184200BE0816 /* View */ = {
			isa = PBXGroup;
			children = (
				6543B1441D2644F300E422A9 /* VisitorView.swift */,
				6543B1461D26450500E422A9 /* VisitorView.xib */,
			);
			path = View;
			sourceTree = "<group>";
		};
		65CD2B841D25184200BE0816 /* Message */ = {
			isa = PBXGroup;
			children = (
				6543B13A1D26416600E422A9 /* Message.storyboard */,
				65CD2B851D25184200BE0816 /* Controller */,
				65CD2B871D25184200BE0816 /* Model */,
				65CD2B881D25184200BE0816 /* View */,
			);
			path = Message;
			sourceTree = "<group>";
		};
		65CD2B851D25184200BE0816 /* Controller */ = {
			isa = PBXGroup;
			children = (
				65CD2B9F1D251EA900BE0816 /* MessageTableViewController.swift */,
			);
			path = Controller;
			sourceTree = "<group>";
		};
		65CD2B871D25184200BE0816 /* Model */ = {
			isa = PBXGroup;
			children = (
			);
			path = Model;
			sourceTree = "<group>";
		};
		65CD2B881D25184200BE0816 /* View */ = {
			isa = PBXGroup;
			children = (
			);
			path = View;
			sourceTree = "<group>";
		};
		65CD2B891D25184200BE0816 /* Mine */ = {
			isa = PBXGroup;
			children = (
				6543B1401D26419500E422A9 /* Mine.storyboard */,
				65CD2B8A1D25184200BE0816 /* Controller */,
				65CD2B8C1D25184200BE0816 /* Model */,
				65CD2B8D1D25184200BE0816 /* View */,
			);
			path = Mine;
			sourceTree = "<group>";
		};
		65CD2B8A1D25184200BE0816 /* Controller */ = {
			isa = PBXGroup;
			children = (
				65CD2BA11D251EB700BE0816 /* MineTableViewController.swift */,
			);
			path = Controller;
			sourceTree = "<group>";
		};
		65CD2B8C1D25184200BE0816 /* Model */ = {
			isa = PBXGroup;
			children = (
			);
			path = Model;
			sourceTree = "<group>";
		};
		65CD2B8D1D25184200BE0816 /* View */ = {
			isa = PBXGroup;
			children = (
			);
			path = View;
			sourceTree = "<group>";
		};
		65CD2B8E1D25184200BE0816 /* Tools */ = {
			isa = PBXGroup;
			children = (
				655E9FF61D260CE4008385E6 /* Category */,
				65CD2B8F1D25184200BE0816 /* Controller */,
				65CD2B901D25184200BE0816 /* Model */,
				65CD2B911D25184200BE0816 /* View */,
			);
			path = Tools;
			sourceTree = "<group>";
		};
		65CD2B8F1D25184200BE0816 /* Controller */ = {
			isa = PBXGroup;
			children = (
				6543B14A1D26793200E422A9 /* TitleButton.swift */,
			);
			path = Controller;
			sourceTree = "<group>";
		};
		65CD2B901D25184200BE0816 /* Model */ = {
			isa = PBXGroup;
			children = (
			);
			path = Model;
			sourceTree = "<group>";
		};
		65CD2B911D25184200BE0816 /* View */ = {
			isa = PBXGroup;
			children = (
			);
			path = View;
			sourceTree = "<group>";
		};
/* End PBXGroup section */

/* Begin PBXNativeTarget section */
		65CD2B3F1D25172F00BE0816 /* SinaWeibo */ = {
			isa = PBXNativeTarget;
			buildConfigurationList = 65CD2B681D25173000BE0816 /* Build configuration list for PBXNativeTarget "SinaWeibo" */;
			buildPhases = (
				65CD2B3C1D25172F00BE0816 /* Sources */,
				65CD2B3D1D25172F00BE0816 /* Frameworks */,
				65CD2B3E1D25172F00BE0816 /* Resources */,
			);
			buildRules = (
			);
			dependencies = (
			);
			name = SinaWeibo;
			productName = SinaWeibo;
			productReference = 65CD2B401D25172F00BE0816 /* SinaWeibo.app */;
			productType = "com.apple.product-type.application";
		};
		65CD2B531D25173000BE0816 /* SinaWeiboTests */ = {
			isa = PBXNativeTarget;
			buildConfigurationList = 65CD2B6B1D25173000BE0816 /* Build configuration list for PBXNativeTarget "SinaWeiboTests" */;
			buildPhases = (
				65CD2B501D25173000BE0816 /* Sources */,
				65CD2B511D25173000BE0816 /* Frameworks */,
				65CD2B521D25173000BE0816 /* Resources */,
			);
			buildRules = (
			);
			dependencies = (
				65CD2B561D25173000BE0816 /* PBXTargetDependency */,
			);
			name = SinaWeiboTests;
			productName = SinaWeiboTests;
			productReference = 65CD2B541D25173000BE0816 /* SinaWeiboTests.xctest */;
			productType = "com.apple.product-type.bundle.unit-test";
		};
		65CD2B5E1D25173000BE0816 /* SinaWeiboUITests */ = {
			isa = PBXNativeTarget;
			buildConfigurationList = 65CD2B6E1D25173000BE0816 /* Build configuration list for PBXNativeTarget "SinaWeiboUITests" */;
			buildPhases = (
				65CD2B5B1D25173000BE0816 /* Sources */,
				65CD2B5C1D25173000BE0816 /* Frameworks */,
				65CD2B5D1D25173000BE0816 /* Resources */,
			);
			buildRules = (
			);
			dependencies = (
				65CD2B611D25173000BE0816 /* PBXTargetDependency */,
			);
			name = SinaWeiboUITests;
			productName = SinaWeiboUITests;
			productReference = 65CD2B5F1D25173000BE0816 /* SinaWeiboUITests.xctest */;
			productType = "com.apple.product-type.bundle.ui-testing";
		};
/* End PBXNativeTarget section */

/* Begin PBXProject section */
		65CD2B381D25172F00BE0816 /* Project object */ = {
			isa = PBXProject;
			attributes = {
				LastSwiftUpdateCheck = 0730;
				LastUpgradeCheck = 0730;
				ORGANIZATIONNAME = LiuShuang;
				TargetAttributes = {
					65CD2B3F1D25172F00BE0816 = {
						CreatedOnToolsVersion = 7.3;
						DevelopmentTeam = H65646C4ZQ;
					};
					65CD2B531D25173000BE0816 = {
						CreatedOnToolsVersion = 7.3;
						DevelopmentTeam = H65646C4ZQ;
						TestTargetID = 65CD2B3F1D25172F00BE0816;
					};
					65CD2B5E1D25173000BE0816 = {
						CreatedOnToolsVersion = 7.3;
						DevelopmentTeam = H65646C4ZQ;
						TestTargetID = 65CD2B3F1D25172F00BE0816;
					};
				};
			};
			buildConfigurationList = 65CD2B3B1D25172F00BE0816 /* Build configuration list for PBXProject "SinaWeibo" */;
			compatibilityVersion = "Xcode 3.2";
			developmentRegion = English;
			hasScannedForEncodings = 0;
			knownRegions = (
				en,
				Base,
			);
			mainGroup = 65CD2B371D25172F00BE0816;
			productRefGroup = 65CD2B411D25172F00BE0816 /* Products */;
			projectDirPath = "";
			projectRoot = "";
			targets = (
				65CD2B3F1D25172F00BE0816 /* SinaWeibo */,
				65CD2B531D25173000BE0816 /* SinaWeiboTests */,
				65CD2B5E1D25173000BE0816 /* SinaWeiboUITests */,
			);
		};
/* End PBXProject section */

/* Begin PBXResourcesBuildPhase section */
		65CD2B3E1D25172F00BE0816 /* Resources */ = {
			isa = PBXResourcesBuildPhase;
			buildActionMask = 2147483647;
			files = (
				65CD2B4E1D25173000BE0816 /* LaunchScreen.storyboard in Resources */,
				6543B1391D26415600E422A9 /* Home.storyboard in Resources */,
				65CD2B4B1D25173000BE0816 /* Assets.xcassets in Resources */,
				65CD2B951D25184200BE0816 /* MainVCSettings.json in Resources */,
				65FCAE631D2D0A810052299D /* QRcode.storyboard in Resources */,
				6543B13B1D26416600E422A9 /* Message.storyboard in Resources */,
				6543B13D1D26417100E422A9 /* Discover.storyboard in Resources */,
				65CD2B491D25173000BE0816 /* Main.storyboard in Resources */,
				6543B1411D26419500E422A9 /* Mine.storyboard in Resources */,
				6543B1471D26450500E422A9 /* VisitorView.xib in Resources */,
			);
			runOnlyForDeploymentPostprocessing = 0;
		};
		65CD2B521D25173000BE0816 /* Resources */ = {
			isa = PBXResourcesBuildPhase;
			buildActionMask = 2147483647;
			files = (
			);
			runOnlyForDeploymentPostprocessing = 0;
		};
		65CD2B5D1D25173000BE0816 /* Resources */ = {
			isa = PBXResourcesBuildPhase;
			buildActionMask = 2147483647;
			files = (
			);
			runOnlyForDeploymentPostprocessing = 0;
		};
/* End PBXResourcesBuildPhase section */

/* Begin PBXSourcesBuildPhase section */
		65CD2B3C1D25172F00BE0816 /* Sources */ = {
			isa = PBXSourcesBuildPhase;
			buildActionMask = 2147483647;
			files = (
				6543B1431D26421B00E422A9 /* BaseTableViewController.swift in Sources */,
				65CD2B9C1D251E8F00BE0816 /* HomeTableViewController.swift in Sources */,
				65FCAE651D2D0F680052299D /* QRCodeViewController.swift in Sources */,
				65CD2B961D25184200BE0816 /* NullViewController.swift in Sources */,
				65CD2B441D25172F00BE0816 /* AppDelegate.swift in Sources */,
				65CD2BA21D251EB700BE0816 /* MineTableViewController.swift in Sources */,
				6543B1491D26737C00E422A9 /* UIBarButtonItem+Extension.swift in Sources */,
				65CD2B9E1D251E9C00BE0816 /* DiscoverTableViewController.swift in Sources */,
				655E9FF81D260D22008385E6 /* UIButton+Extension.swift in Sources */,
				6543B1451D2644F300E422A9 /* VisitorView.swift in Sources */,
				65CD2BA01D251EA900BE0816 /* MessageTableViewController.swift in Sources */,
				6543B14B1D26793200E422A9 /* TitleButton.swift in Sources */,
				65CD2B9A1D251E7900BE0816 /* MainTabBarController.swift in Sources */,
			);
			runOnlyForDeploymentPostprocessing = 0;
		};
		65CD2B501D25173000BE0816 /* Sources */ = {
			isa = PBXSourcesBuildPhase;
			buildActionMask = 2147483647;
			files = (
				65CD2B591D25173000BE0816 /* SinaWeiboTests.swift in Sources */,
			);
			runOnlyForDeploymentPostprocessing = 0;
		};
		65CD2B5B1D25173000BE0816 /* Sources */ = {
			isa = PBXSourcesBuildPhase;
			buildActionMask = 2147483647;
			files = (
				65CD2B641D25173000BE0816 /* SinaWeiboUITests.swift in Sources */,
			);
			runOnlyForDeploymentPostprocessing = 0;
		};
/* End PBXSourcesBuildPhase section */

/* Begin PBXTargetDependency section */
		65CD2B561D25173000BE0816 /* PBXTargetDependency */ = {
			isa = PBXTargetDependency;
			target = 65CD2B3F1D25172F00BE0816 /* SinaWeibo */;
			targetProxy = 65CD2B551D25173000BE0816 /* PBXContainerItemProxy */;
		};
		65CD2B611D25173000BE0816 /* PBXTargetDependency */ = {
			isa = PBXTargetDependency;
			target = 65CD2B3F1D25172F00BE0816 /* SinaWeibo */;
			targetProxy = 65CD2B601D25173000BE0816 /* PBXContainerItemProxy */;
		};
/* End PBXTargetDependency section */

/* Begin PBXVariantGroup section */
		65CD2B471D25173000BE0816 /* Main.storyboard */ = {
			isa = PBXVariantGroup;
			children = (
				65CD2B481D25173000BE0816 /* Base */,
			);
			name = Main.storyboard;
			sourceTree = "<group>";
		};
		65CD2B4C1D25173000BE0816 /* LaunchScreen.storyboard */ = {
			isa = PBXVariantGroup;
			children = (
				65CD2B4D1D25173000BE0816 /* Base */,
			);
			name = LaunchScreen.storyboard;
			sourceTree = "<group>";
		};
/* End PBXVariantGroup section */

/* Begin XCBuildConfiguration section */
		65CD2B661D25173000BE0816 /* Debug */ = {
			isa = XCBuildConfiguration;
			buildSettings = {
				ALWAYS_SEARCH_USER_PATHS = NO;
				CLANG_ANALYZER_NONNULL = YES;
				CLANG_CXX_LANGUAGE_STANDARD = "gnu++0x";
				CLANG_CXX_LIBRARY = "libc++";
				CLANG_ENABLE_MODULES = YES;
				CLANG_ENABLE_OBJC_ARC = YES;
				CLANG_WARN_BOOL_CONVERSION = YES;
				CLANG_WARN_CONSTANT_CONVERSION = YES;
				CLANG_WARN_DIRECT_OBJC_ISA_USAGE = YES_ERROR;
				CLANG_WARN_EMPTY_BODY = YES;
				CLANG_WARN_ENUM_CONVERSION = YES;
				CLANG_WARN_INT_CONVERSION = YES;
				CLANG_WARN_OBJC_ROOT_CLASS = YES_ERROR;
				CLANG_WARN_UNREACHABLE_CODE = YES;
				CLANG_WARN__DUPLICATE_METHOD_MATCH = YES;
				"CODE_SIGN_IDENTITY[sdk=iphoneos*]" = "iPhone Developer";
				COPY_PHASE_STRIP = NO;
				DEBUG_INFORMATION_FORMAT = dwarf;
				ENABLE_STRICT_OBJC_MSGSEND = YES;
				ENABLE_TESTABILITY = YES;
				GCC_C_LANGUAGE_STANDARD = gnu99;
				GCC_DYNAMIC_NO_PIC = NO;
				GCC_NO_COMMON_BLOCKS = YES;
				GCC_OPTIMIZATION_LEVEL = 0;
				GCC_PREPROCESSOR_DEFINITIONS = (
					"DEBUG=1",
					"$(inherited)",
				);
				GCC_WARN_64_TO_32_BIT_CONVERSION = YES;
				GCC_WARN_ABOUT_RETURN_TYPE = YES_ERROR;
				GCC_WARN_UNDECLARED_SELECTOR = YES;
				GCC_WARN_UNINITIALIZED_AUTOS = YES_AGGRESSIVE;
				GCC_WARN_UNUSED_FUNCTION = YES;
				GCC_WARN_UNUSED_VARIABLE = YES;
				IPHONEOS_DEPLOYMENT_TARGET = 9.3;
				MTL_ENABLE_DEBUG_INFO = YES;
				ONLY_ACTIVE_ARCH = YES;
				SDKROOT = iphoneos;
				SWIFT_OPTIMIZATION_LEVEL = "-Onone";
				TARGETED_DEVICE_FAMILY = "1,2";
			};
			name = Debug;
		};
		65CD2B671D25173000BE0816 /* Release */ = {
			isa = XCBuildConfiguration;
			buildSettings = {
				ALWAYS_SEARCH_USER_PATHS = NO;
				CLANG_ANALYZER_NONNULL = YES;
				CLANG_CXX_LANGUAGE_STANDARD = "gnu++0x";
				CLANG_CXX_LIBRARY = "libc++";
				CLANG_ENABLE_MODULES = YES;
				CLANG_ENABLE_OBJC_ARC = YES;
				CLANG_WARN_BOOL_CONVERSION = YES;
				CLANG_WARN_CONSTANT_CONVERSION = YES;
				CLANG_WARN_DIRECT_OBJC_ISA_USAGE = YES_ERROR;
				CLANG_WARN_EMPTY_BODY = YES;
				CLANG_WARN_ENUM_CONVERSION = YES;
				CLANG_WARN_INT_CONVERSION = YES;
				CLANG_WARN_OBJC_ROOT_CLASS = YES_ERROR;
				CLANG_WARN_UNREACHABLE_CODE = YES;
				CLANG_WARN__DUPLICATE_METHOD_MATCH = YES;
				"CODE_SIGN_IDENTITY[sdk=iphoneos*]" = "iPhone Developer";
				COPY_PHASE_STRIP = NO;
				DEBUG_INFORMATION_FORMAT = "dwarf-with-dsym";
				ENABLE_NS_ASSERTIONS = NO;
				ENABLE_STRICT_OBJC_MSGSEND = YES;
				GCC_C_LANGUAGE_STANDARD = gnu99;
				GCC_NO_COMMON_BLOCKS = YES;
				GCC_WARN_64_TO_32_BIT_CONVERSION = YES;
				GCC_WARN_ABOUT_RETURN_TYPE = YES_ERROR;
				GCC_WARN_UNDECLARED_SELECTOR = YES;
				GCC_WARN_UNINITIALIZED_AUTOS = YES_AGGRESSIVE;
				GCC_WARN_UNUSED_FUNCTION = YES;
				GCC_WARN_UNUSED_VARIABLE = YES;
				IPHONEOS_DEPLOYMENT_TARGET = 9.3;
				MTL_ENABLE_DEBUG_INFO = NO;
				SDKROOT = iphoneos;
				TARGETED_DEVICE_FAMILY = "1,2";
				VALIDATE_PRODUCT = YES;
			};
			name = Release;
		};
		65CD2B691D25173000BE0816 /* Debug */ = {
			isa = XCBuildConfiguration;
			buildSettings = {
				ASSETCATALOG_COMPILER_APPICON_NAME = AppIcon;
				ASSETCATALOG_COMPILER_LAUNCHIMAGE_NAME = "Brand Assets";
				INFOPLIST_FILE = SinaWeibo/Info.plist;
				LD_RUNPATH_SEARCH_PATHS = "$(inherited) @executable_path/Frameworks";
				OTHER_SWIFT_FLAGS = "-D DEBUG";
				PRODUCT_BUNDLE_IDENTIFIER = LiuShuang.SinaWeibo;
				PRODUCT_NAME = "$(TARGET_NAME)";
			};
			name = Debug;
		};
		65CD2B6A1D25173000BE0816 /* Release */ = {
			isa = XCBuildConfiguration;
			buildSettings = {
				ASSETCATALOG_COMPILER_APPICON_NAME = AppIcon;
				ASSETCATALOG_COMPILER_LAUNCHIMAGE_NAME = "Brand Assets";
				INFOPLIST_FILE = SinaWeibo/Info.plist;
				LD_RUNPATH_SEARCH_PATHS = "$(inherited) @executable_path/Frameworks";
				PRODUCT_BUNDLE_IDENTIFIER = LiuShuang.SinaWeibo;
				PRODUCT_NAME = "$(TARGET_NAME)";
			};
			name = Release;
		};
		65CD2B6C1D25173000BE0816 /* Debug */ = {
			isa = XCBuildConfiguration;
			buildSettings = {
				BUNDLE_LOADER = "$(TEST_HOST)";
				INFOPLIST_FILE = SinaWeiboTests/Info.plist;
				LD_RUNPATH_SEARCH_PATHS = "$(inherited) @executable_path/Frameworks @loader_path/Frameworks";
				PRODUCT_BUNDLE_IDENTIFIER = LiuShuang.SinaWeiboTests;
				PRODUCT_NAME = "$(TARGET_NAME)";
				TEST_HOST = "$(BUILT_PRODUCTS_DIR)/SinaWeibo.app/SinaWeibo";
			};
			name = Debug;
		};
		65CD2B6D1D25173000BE0816 /* Release */ = {
			isa = XCBuildConfiguration;
			buildSettings = {
				BUNDLE_LOADER = "$(TEST_HOST)";
				INFOPLIST_FILE = SinaWeiboTests/Info.plist;
				LD_RUNPATH_SEARCH_PATHS = "$(inherited) @executable_path/Frameworks @loader_path/Frameworks";
				PRODUCT_BUNDLE_IDENTIFIER = LiuShuang.SinaWeiboTests;
				PRODUCT_NAME = "$(TARGET_NAME)";
				TEST_HOST = "$(BUILT_PRODUCTS_DIR)/SinaWeibo.app/SinaWeibo";
			};
			name = Release;
		};
		65CD2B6F1D25173000BE0816 /* Debug */ = {
			isa = XCBuildConfiguration;
			buildSettings = {
				INFOPLIST_FILE = SinaWeiboUITests/Info.plist;
				LD_RUNPATH_SEARCH_PATHS = "$(inherited) @executable_path/Frameworks @loader_path/Frameworks";
				PRODUCT_BUNDLE_IDENTIFIER = LiuShuang.SinaWeiboUITests;
				PRODUCT_NAME = "$(TARGET_NAME)";
				TEST_TARGET_NAME = SinaWeibo;
			};
			name = Debug;
		};
		65CD2B701D25173000BE0816 /* Release */ = {
			isa = XCBuildConfiguration;
			buildSettings = {
				INFOPLIST_FILE = SinaWeiboUITests/Info.plist;
				LD_RUNPATH_SEARCH_PATHS = "$(inherited) @executable_path/Frameworks @loader_path/Frameworks";
				PRODUCT_BUNDLE_IDENTIFIER = LiuShuang.SinaWeiboUITests;
				PRODUCT_NAME = "$(TARGET_NAME)";
				TEST_TARGET_NAME = SinaWeibo;
			};
			name = Release;
		};
/* End XCBuildConfiguration section */

/* Begin XCConfigurationList section */
		65CD2B3B1D25172F00BE0816 /* Build configuration list for PBXProject "SinaWeibo" */ = {
			isa = XCConfigurationList;
			buildConfigurations = (
				65CD2B661D25173000BE0816 /* Debug */,
				65CD2B671D25173000BE0816 /* Release */,
			);
			defaultConfigurationIsVisible = 0;
			defaultConfigurationName = Release;
		};
		65CD2B681D25173000BE0816 /* Build configuration list for PBXNativeTarget "SinaWeibo" */ = {
			isa = XCConfigurationList;
			buildConfigurations = (
				65CD2B691D25173000BE0816 /* Debug */,
				65CD2B6A1D25173000BE0816 /* Release */,
			);
			defaultConfigurationIsVisible = 0;
			defaultConfigurationName = Release;
		};
		65CD2B6B1D25173000BE0816 /* Build configuration list for PBXNativeTarget "SinaWeiboTests" */ = {
			isa = XCConfigurationList;
			buildConfigurations = (
				65CD2B6C1D25173000BE0816 /* Debug */,
				65CD2B6D1D25173000BE0816 /* Release */,
			);
			defaultConfigurationIsVisible = 0;
			defaultConfigurationName = Release;
		};
		65CD2B6E1D25173000BE0816 /* Build configuration list for PBXNativeTarget "SinaWeiboUITests" */ = {
			isa = XCConfigurationList;
			buildConfigurations = (
				65CD2B6F1D25173000BE0816 /* Debug */,
				65CD2B701D25173000BE0816 /* Release */,
			);
			defaultConfigurationIsVisible = 0;
			defaultConfigurationName = Release;
		};
/* End XCConfigurationList section */
	};
	rootObject = 65CD2B381D25172F00BE0816 /* Project object */;
}
